
Microsoft Visual Studio Solution File, Format Version 12.00
# Visual Studio Version 17
VisualStudioVersion = 17.9.34714.143
MinimumVisualStudioVersion = 10.0.40219.1
Project("{FAE04EC0-301F-11D3-BF4B-00C04F79EFBC}") = "Kal", "Kal\Kal.csproj", "{A5E94E92-ADF9-4316-B868-0E1DD9FF1D71}"
EndProject
Global
	GlobalSection(SolutionConfigurationPlatforms) = preSolution
		Debug|Any CPU = Debug|Any CPU
		Release|Any CPU = Release|Any CPU
	EndGlobalSection
	GlobalSection(ProjectConfigurationPlatforms) = postSolution
		{A5E94E92-ADF9-4316-B868-0E1DD9FF1D71}.Debug|Any CPU.ActiveCfg = Debug|Any CPU
		{A5E94E92-ADF9-4316-B868-0E1DD9FF1D71}.Debug|Any CPU.Build.0 = Debug|Any CPU
		{A5E94E92-ADF9-4316-B868-0E1DD9FF1D71}.Release|Any CPU.ActiveCfg = Release|Any CPU
		{A5E94E92-ADF9-4316-B868-0E1DD9FF1D71}.Release|Any CPU.Build.0 = Release|Any CPU
	EndGlobalSection
	GlobalSection(SolutionProperties) = preSolution
		HideSolutionNode = FALSE
	EndGlobalSection
	GlobalSection(ExtensibilityGlobals) = postSolution
		SolutionGuid = {406CF12B-1AE2-4AC5-95CB-F32EAC3CDDB2}
	EndGlobalSection
EndGlobal
